// !$*UTF8*$!
{
	archiveVersion = 1;
	classes = {
	};
	objectVersion = 46;
	objects = {

/* Begin PBXBuildFile section */
		CFB187771DC0091C00F4F247 /* main.m in Sources */ = {isa = PBXBuildFile; fileRef = CFB187761DC0091C00F4F247 /* main.m */; };
		CFB1877A1DC0091C00F4F247 /* AppDelegate.m in Sources */ = {isa = PBXBuildFile; fileRef = CFB187791DC0091C00F4F247 /* AppDelegate.m */; };
		CFB1877D1DC0091C00F4F247 /* ClassicMenuViewController.m in Sources */ = {isa = PBXBuildFile; fileRef = CFB1877C1DC0091C00F4F247 /* ClassicMenuViewController.m */; };
		CFB187801DC0091C00F4F247 /* Main.storyboard in Resources */ = {isa = PBXBuildFile; fileRef = CFB1877E1DC0091C00F4F247 /* Main.storyboard */; };
		CFB187821DC0091C00F4F247 /* Assets.xcassets in Resources */ = {isa = PBXBuildFile; fileRef = CFB187811DC0091C00F4F247 /* Assets.xcassets */; };
		CFB187851DC0091C00F4F247 /* LaunchScreen.storyboard in Resources */ = {isa = PBXBuildFile; fileRef = CFB187831DC0091C00F4F247 /* LaunchScreen.storyboard */; };
		CFB1878E1DC009DC00F4F247 /* ClassicGameViewController.m in Sources */ = {isa = PBXBuildFile; fileRef = CFB1878D1DC009DC00F4F247 /* ClassicGameViewController.m */; };
/* End PBXBuildFile section */

/* Begin PBXFileReference section */
		CFB187721DC0091C00F4F247 /* JigsawPuzzle-OC.app */ = {isa = PBXFileReference; explicitFileType = wrapper.application; includeInIndex = 0; path = "JigsawPuzzle-OC.app"; sourceTree = BUILT_PRODUCTS_DIR; };
		CFB187761DC0091C00F4F247 /* main.m */ = {isa = PBXFileReference; lastKnownFileType = sourcecode.c.objc; path = main.m; sourceTree = "<group>"; };
		CFB187781DC0091C00F4F247 /* AppDelegate.h */ = {isa = PBXFileReference; lastKnownFileType = sourcecode.c.h; path = AppDelegate.h; sourceTree = "<group>"; };
		CFB187791DC0091C00F4F247 /* AppDelegate.m */ = {isa = PBXFileReference; lastKnownFileType = sourcecode.c.objc; path = AppDelegate.m; sourceTree = "<group>"; };
		CFB1877B1DC0091C00F4F247 /* ClassicMenuViewController.h */ = {isa = PBXFileReference; lastKnownFileType = sourcecode.c.h; path = ClassicMenuViewController.h; sourceTree = "<group>"; };
		CFB1877C1DC0091C00F4F247 /* ClassicMenuViewController.m */ = {isa = PBXFileReference; lastKnownFileType = sourcecode.c.objc; path = ClassicMenuViewController.m; sourceTree = "<group>"; };
		CFB1877F1DC0091C00F4F247 /* Base */ = {isa = PBXFileReference; lastKnownFileType = file.storyboard; name = Base; path = Base.lproj/Main.storyboard; sourceTree = "<group>"; };
		CFB187811DC0091C00F4F247 /* Assets.xcassets */ = {isa = PBXFileReference; lastKnownFileType = folder.assetcatalog; path = Assets.xcassets; sourceTree = "<group>"; };
		CFB187841DC0091C00F4F247 /* Base */ = {isa = PBXFileReference; lastKnownFileType = file.storyboard; name = Base; path = Base.lproj/LaunchScreen.storyboard; sourceTree = "<group>"; };
		CFB187861DC0091C00F4F247 /* Info.plist */ = {isa = PBXFileReference; lastKnownFileType = text.plist.xml; path = Info.plist; sourceTree = "<group>"; };
		CFB1878C1DC009DC00F4F247 /* ClassicGameViewController.h */ = {isa = PBXFileReference; fileEncoding = 4; lastKnownFileType = sourcecode.c.h; path = ClassicGameViewController.h; sourceTree = "<group>"; };
		CFB1878D1DC009DC00F4F247 /* ClassicGameViewController.m */ = {isa = PBXFileReference; fileEncoding = 4; lastKnownFileType = sourcecode.c.objc; path = ClassicGameViewController.m; sourceTree = "<group>"; };
/* End PBXFileReference section */

/* Begin PBXFrameworksBuildPhase section */
		CFB1876F1DC0091C00F4F247 /* Frameworks */ = {
			isa = PBXFrameworksBuildPhase;
			buildActionMask = 2147483647;
			files = (
			);
			runOnlyForDeploymentPostprocessing = 0;
		};
/* End PBXFrameworksBuildPhase section */

/* Begin PBXGroup section */
		CFB187691DC0091C00F4F247 = {
			isa = PBXGroup;
			children = (
				CFB187741DC0091C00F4F247 /* JigsawPuzzle-OC */,
				CFB187731DC0091C00F4F247 /* Products */,
			);
			sourceTree = "<group>";
		};
		CFB187731DC0091C00F4F247 /* Products */ = {
			isa = PBXGroup;
			children = (
				CFB187721DC0091C00F4F247 /* JigsawPuzzle-OC.app */,
			);
			name = Products;
			sourceTree = "<group>";
		};
		CFB187741DC0091C00F4F247 /* JigsawPuzzle-OC */ = {
			isa = PBXGroup;
			children = (
				CFB187781DC0091C00F4F247 /* AppDelegate.h */,
				CFB187791DC0091C00F4F247 /* AppDelegate.m */,
				CFB1877B1DC0091C00F4F247 /* ClassicMenuViewController.h */,
				CFB1877C1DC0091C00F4F247 /* ClassicMenuViewController.m */,
				CFB1877E1DC0091C00F4F247 /* Main.storyboard */,
				CFB187811DC0091C00F4F247 /* Assets.xcassets */,
				CFB187831DC0091C00F4F247 /* LaunchScreen.storyboard */,
				CFB187861DC0091C00F4F247 /* Info.plist */,
				CFB187751DC0091C00F4F247 /* Supporting Files */,
				CFB1878C1DC009DC00F4F247 /* ClassicGameViewController.h */,
				CFB1878D1DC009DC00F4F247 /* ClassicGameViewController.m */,
			);
			path = "JigsawPuzzle-OC";
			sourceTree = "<group>";
		};
		CFB187751DC0091C00F4F247 /* Supporting Files */ = {
			isa = PBXGroup;
			children = (
				CFB187761DC0091C00F4F247 /* main.m */,
			);
			name = "Supporting Files";
			sourceTree = "<group>";
		};
/* End PBXGroup section */

/* Begin PBXNativeTarget section */
		CFB187711DC0091C00F4F247 /* JigsawPuzzle-OC */ = {
			isa = PBXNativeTarget;
			buildConfigurationList = CFB187891DC0091C00F4F247 /* Build configuration list for PBXNativeTarget "JigsawPuzzle-OC" */;
			buildPhases = (
				CFB1876E1DC0091C00F4F247 /* Sources */,
				CFB1876F1DC0091C00F4F247 /* Frameworks */,
				CFB187701DC0091C00F4F247 /* Resources */,
			);
			buildRules = (
			);
			dependencies = (
			);
			name = "JigsawPuzzle-OC";
			productName = "JigsawPuzzle-OC";
			productReference = CFB187721DC0091C00F4F247 /* JigsawPuzzle-OC.app */;
			productType = "com.apple.product-type.application";
		};
/* End PBXNativeTarget section */

/* Begin PBXProject section */
		CFB1876A1DC0091C00F4F247 /* Project object */ = {
			isa = PBXProject;
			attributes = {
				LastUpgradeCheck = 0720;
				ORGANIZATIONNAME = Mitchell;
				TargetAttributes = {
					CFB187711DC0091C00F4F247 = {
						CreatedOnToolsVersion = 7.2.1;
					};
				};
			};
			buildConfigurationList = CFB1876D1DC0091C00F4F247 /* Build configuration list for PBXProject "JigsawPuzzle-OC" */;
			compatibilityVersion = "Xcode 3.2";
			developmentRegion = English;
			hasScannedForEncodings = 0;
			knownRegions = (
				en,
				Base,
			);
			mainGroup = CFB187691DC0091C00F4F247;
			productRefGroup = CFB187731DC0091C00F4F247 /* Products */;
			projectDirPath = "";
			projectRoot = "";
			targets = (
				CFB187711DC0091C00F4F247 /* JigsawPuzzle-OC */,
			);
		};
/* End PBXProject section */

/* Begin PBXResourcesBuildPhase section */
		CFB187701DC0091C00F4F247 /* Resources */ = {
			isa = PBXResourcesBuildPhase;
			buildActionMask = 2147483647;
			files = (
				CFB187851DC0091C00F4F247 /* LaunchScreen.storyboard in Resources */,
				CFB187821DC0091C00F4F247 /* Assets.xcassets in Resources */,
				CFB187801DC0091C00F4F247 /* Main.storyboard in Resources */,
			);
			runOnlyForDeploymentPostprocessing = 0;
		};
/* End PBXResourcesBuildPhase section */

/* Begin PBXSourcesBuildPhase section */
		CFB1876E1DC0091C00F4F247 /* Sources */ = {
			isa = PBXSourcesBuildPhase;
			buildActionMask = 2147483647;
			files = (
				CFB1877D1DC0091C00F4F247 /* ClassicMenuViewController.m in Sources */,
				CFB1878E1DC009DC00F4F247 /* ClassicGameViewController.m in Sources */,
				CFB1877A1DC0091C00F4F247 /* AppDelegate.m in Sources */,
				CFB187771DC0091C00F4F247 /* main.m in Sources */,
			);
			runOnlyForDeploymentPostprocessing = 0;
		};
/* End PBXSourcesBuildPhase section */

/* Begin PBXVariantGroup section */
		CFB1877E1DC0091C00F4F247 /* Main.storyboard */ = {
			isa = PBXVariantGroup;
			children = (
				CFB1877F1DC0091C00F4F247 /* Base */,
			);
			name = Main.storyboard;
			sourceTree = "<group>";
		};
		CFB187831DC0091C00F4F247 /* LaunchScreen.storyboard */ = {
			isa = PBXVariantGroup;
			children = (
				CFB187841DC0091C00F4F247 /* Base */,
			);
			name = LaunchScreen.storyboard;
			sourceTree = "<group>";
		};
/* End PBXVariantGroup section */

/* Begin XCBuildConfiguration section */
		CFB187871DC0091C00F4F247 /* Debug */ = {
			isa = XCBuildConfiguration;
			buildSettings = {
				ALWAYS_SEARCH_USER_PATHS = NO;
				CLANG_CXX_LANGUAGE_STANDARD = "gnu++0x";
				CLANG_CXX_LIBRARY = "libc++";
				CLANG_ENABLE_MODULES = YES;
				CLANG_ENABLE_OBJC_ARC = YES;
				CLANG_WARN_BOOL_CONVERSION = YES;
				CLANG_WARN_CONSTANT_CONVERSION = YES;
				CLANG_WARN_DIRECT_OBJC_ISA_USAGE = YES_ERROR;
				CLANG_WARN_EMPTY_BODY = YES;
				CLANG_WARN_ENUM_CONVERSION = YES;
				CLANG_WARN_INT_CONVERSION = YES;
				CLANG_WARN_OBJC_ROOT_CLASS = YES_ERROR;
				CLANG_WARN_UNREACHABLE_CODE = YES;
				CLANG_WARN__DUPLICATE_METHOD_MATCH = YES;
				"CODE_SIGN_IDENTITY[sdk=iphoneos*]" = "iPhone Developer";
				COPY_PHASE_STRIP = NO;
				DEBUG_INFORMATION_FORMAT = dwarf;
				ENABLE_STRICT_OBJC_MSGSEND = YES;
				ENABLE_TESTABILITY = YES;
				GCC_C_LANGUAGE_STANDARD = gnu99;
				GCC_DYNAMIC_NO_PIC = NO;
				GCC_NO_COMMON_BLOCKS = YES;
				GCC_OPTIMIZATION_LEVEL = 0;
				GCC_PREPROCESSOR_DEFINITIONS = (
					"DEBUG=1",
					"$(inherited)",
				);
				GCC_WARN_64_TO_32_BIT_CONVERSION = YES;
				GCC_WARN_ABOUT_RETURN_TYPE = YES_ERROR;
				GCC_WARN_UNDECLARED_SELECTOR = YES;
				GCC_WARN_UNINITIALIZED_AUTOS = YES_AGGRESSIVE;
				GCC_WARN_UNUSED_FUNCTION = YES;
				GCC_WARN_UNUSED_VARIABLE = YES;
				IPHONEOS_DEPLOYMENT_TARGET = 9.2;
				MTL_ENABLE_DEBUG_INFO = YES;
				ONLY_ACTIVE_ARCH = YES;
				SDKROOT = iphoneos;
				TARGETED_DEVICE_FAMILY = "1,2";
			};
			name = Debug;
		};
		CFB187881DC0091C00F4F247 /* Release */ = {
			isa = XCBuildConfiguration;
			buildSettings = {
				ALWAYS_SEARCH_USER_PATHS = NO;
				CLANG_CXX_LANGUAGE_STANDARD = "gnu++0x";
				CLANG_CXX_LIBRARY = "libc++";
				CLANG_ENABLE_MODULES = YES;
				CLANG_ENABLE_OBJC_ARC = YES;
				CLANG_WARN_BOOL_CONVERSION = YES;
				CLANG_WARN_CONSTANT_CONVERSION = YES;
				CLANG_WARN_DIRECT_OBJC_ISA_USAGE = YES_ERROR;
				CLANG_WARN_EMPTY_BODY = YES;
				CLANG_WARN_ENUM_CONVERSION = YES;
				CLANG_WARN_INT_CONVERSION = YES;
				CLANG_WARN_OBJC_ROOT_CLASS = YES_ERROR;
				CLANG_WARN_UNREACHABLE_CODE = YES;
				CLANG_WARN__DUPLICATE_METHOD_MATCH = YES;
				"CODE_SIGN_IDENTITY[sdk=iphoneos*]" = "iPhone Developer";
				COPY_PHASE_STRIP = NO;
				DEBUG_INFORMATION_FORMAT = "dwarf-with-dsym";
				ENABLE_NS_ASSERTIONS = NO;
				ENABLE_STRICT_OBJC_MSGSEND = YES;
				GCC_C_LANGUAGE_STANDARD = gnu99;
				GCC_NO_COMMON_BLOCKS = YES;
				GCC_WARN_64_TO_32_BIT_CONVERSION = YES;
				GCC_WARN_ABOUT_RETURN_TYPE = YES_ERROR;
				GCC_WARN_UNDECLARED_SELECTOR = YES;
				GCC_WARN_UNINITIALIZED_AUTOS = YES_AGGRESSIVE;
				GCC_WARN_UNUSED_FUNCTION = YES;
				GCC_WARN_UNUSED_VARIABLE = YES;
				IPHONEOS_DEPLOYMENT_TARGET = 9.2;
				MTL_ENABLE_DEBUG_INFO = NO;
				SDKROOT = iphoneos;
				TARGETED_DEVICE_FAMILY = "1,2";
				VALIDATE_PRODUCT = YES;
			};
			name = Release;
		};
		CFB1878A1DC0091C00F4F247 /* Debug */ = {
			isa = XCBuildConfiguration;
			buildSettings = {
				ASSETCATALOG_COMPILER_APPICON_NAME = AppIcon;
				INFOPLIST_FILE = "JigsawPuzzle-OC/Info.plist";
				LD_RUNPATH_SEARCH_PATHS = "$(inherited) @executable_path/Frameworks";
				PRODUCT_BUNDLE_IDENTIFIER = "com.Mitchell.JigsawPuzzle-OC";
				PRODUCT_NAME = "$(TARGET_NAME)";
			};
			name = Debug;
		};
		CFB1878B1DC0091C00F4F247 /* Release */ = {
			isa = XCBuildConfiguration;
			buildSettings = {
				ASSETCATALOG_COMPILER_APPICON_NAME = AppIcon;
				INFOPLIST_FILE = "JigsawPuzzle-OC/Info.plist";
				LD_RUNPATH_SEARCH_PATHS = "$(inherited) @executable_path/Frameworks";
				PRODUCT_BUNDLE_IDENTIFIER = "com.Mitchell.JigsawPuzzle-OC";
				PRODUCT_NAME = "$(TARGET_NAME)";
			};
			name = Release;
		};
/* End XCBuildConfiguration section */

/* Begin XCConfigurationList section */
		CFB1876D1DC0091C00F4F247 /* Build configuration list for PBXProject "JigsawPuzzle-OC" */ = {
			isa = XCConfigurationList;
			buildConfigurations = (
				CFB187871DC0091C00F4F247 /* Debug */,
				CFB187881DC0091C00F4F247 /* Release */,
			);
			defaultConfigurationIsVisible = 0;
			defaultConfigurationName = Release;
		};
		CFB187891DC0091C00F4F247 /* Build configuration list for PBXNativeTarget "JigsawPuzzle-OC" */ = {
			isa = XCConfigurationList;
			buildConfigurations = (
				CFB1878A1DC0091C00F4F247 /* Debug */,
				CFB1878B1DC0091C00F4F247 /* Release */,
			);
			defaultConfigurationIsVisible = 0;
		};
/* End XCConfigurationList section */
	};
	rootObject = CFB1876A1DC0091C00F4F247 /* Project object */;
}
